
Microsoft Visual Studio Solution File, Format Version 12.00
# Visual Studio Version 17
VisualStudioVersion = 17.14.36518.9 d17.14
MinimumVisualStudioVersion = 10.0.40219.1
Project("{FAE04EC0-301F-11D3-BF4B-00C04F79EFBC}") = "p4lmLibrary", "p4lmLibrary\p4lmLibrary.csproj", "{FFDE7BF7-D7A5-411C-8B46-B34BF0C4F3BA}"
EndProject
Project("{FAE04EC0-301F-11D3-BF4B-00C04F79EFBC}") = "p4lmConsole", "p4lmConsole\p4lmConsole.csproj", "{462DC968-4638-4C7C-9D44-BEF0FEDDB1B1}"
EndProject
Global
	GlobalSection(SolutionConfigurationPlatforms) = preSolution
		Debug|Any CPU = Debug|Any CPU
		Release|Any CPU = Release|Any CPU
	EndGlobalSection
	GlobalSection(ProjectConfigurationPlatforms) = postSolution
		{FFDE7BF7-D7A5-411C-8B46-B34BF0C4F3BA}.Debug|Any CPU.ActiveCfg = Debug|Any CPU
		{FFDE7BF7-D7A5-411C-8B46-B34BF0C4F3BA}.Debug|Any CPU.Build.0 = Debug|Any CPU
		{FFDE7BF7-D7A5-411C-8B46-B34BF0C4F3BA}.Release|Any CPU.ActiveCfg = Release|Any CPU
		{FFDE7BF7-D7A5-411C-8B46-B34BF0C4F3BA}.Release|Any CPU.Build.0 = Release|Any CPU
		{462DC968-4638-4C7C-9D44-BEF0FEDDB1B1}.Debug|Any CPU.ActiveCfg = Debug|Any CPU
		{462DC968-4638-4C7C-9D44-BEF0FEDDB1B1}.Debug|Any CPU.Build.0 = Debug|Any CPU
		{462DC968-4638-4C7C-9D44-BEF0FEDDB1B1}.Release|Any CPU.ActiveCfg = Release|Any CPU
		{462DC968-4638-4C7C-9D44-BEF0FEDDB1B1}.Release|Any CPU.Build.0 = Release|Any CPU
	EndGlobalSection
	GlobalSection(SolutionProperties) = preSolution
		HideSolutionNode = FALSE
	EndGlobalSection
	GlobalSection(ExtensibilityGlobals) = postSolution
		SolutionGuid = {706B1850-C51F-45E1-BB36-F368B8D479F3}
	EndGlobalSection
EndGlobal
